
Microsoft Visual Studio Solution File, Format Version 12.00
# Visual Studio Version 17
VisualStudioVersion = 17.14.36414.22
MinimumVisualStudioVersion = 10.0.40219.1
Project("{FAE04EC0-301F-11D3-BF4B-00C04F79EFBC}") = "ApiAiBlazorLab", "ApiAiBlazorLab\ApiAiBlazorLab.csproj", "{9D4B44D3-C804-430E-855B-FB4023FCAF62}"
EndProject
Project("{FAE04EC0-301F-11D3-BF4B-00C04F79EFBC}") = "ApiAiBlazorLab.Tests", "ApiAiBlazorLab.Tests\ApiAiBlazorLab.Tests.csproj", "{5B427DC0-33EE-42DA-A57F-856247FADF62}"
EndProject
Global
	GlobalSection(SolutionConfigurationPlatforms) = preSolution
		Debug|Any CPU = Debug|Any CPU
		Release|Any CPU = Release|Any CPU
	EndGlobalSection
	GlobalSection(ProjectConfigurationPlatforms) = postSolution
		{9D4B44D3-C804-430E-855B-FB4023FCAF62}.Debug|Any CPU.ActiveCfg = Debug|Any CPU
		{9D4B44D3-C804-430E-855B-FB4023FCAF62}.Debug|Any CPU.Build.0 = Debug|Any CPU
		{9D4B44D3-C804-430E-855B-FB4023FCAF62}.Release|Any CPU.ActiveCfg = Release|Any CPU
		{9D4B44D3-C804-430E-855B-FB4023FCAF62}.Release|Any CPU.Build.0 = Release|Any CPU
		{5B427DC0-33EE-42DA-A57F-856247FADF62}.Debug|Any CPU.ActiveCfg = Debug|Any CPU
		{5B427DC0-33EE-42DA-A57F-856247FADF62}.Debug|Any CPU.Build.0 = Debug|Any CPU
		{5B427DC0-33EE-42DA-A57F-856247FADF62}.Release|Any CPU.ActiveCfg = Release|Any CPU
		{5B427DC0-33EE-42DA-A57F-856247FADF62}.Release|Any CPU.Build.0 = Release|Any CPU
	EndGlobalSection
	GlobalSection(SolutionProperties) = preSolution
		HideSolutionNode = FALSE
	EndGlobalSection
	GlobalSection(ExtensibilityGlobals) = postSolution
		SolutionGuid = {7C492387-BD49-473A-B219-8BA253841A05}
	EndGlobalSection
EndGlobal
